// !$*UTF8*$!
{
	archiveVersion = 1;
	classes = {
	};
	objectVersion = 51;
	objects = {

/* Begin PBXBuildFile section */
		840695D2251C8D5500539F3F /* BaseVC.m in Sources */ = {isa = PBXBuildFile; fileRef = 840695D1251C8D5500539F3F /* BaseVC.m */; };
		840695D5251C8DC100539F3F /* TMListTaskViewController.m in Sources */ = {isa = PBXBuildFile; fileRef = 840695D4251C8DC100539F3F /* TMListTaskViewController.m */; };
		840695DB251C8DEF00539F3F /* BaseVM.m in Sources */ = {isa = PBXBuildFile; fileRef = 840695DA251C8DEF00539F3F /* BaseVM.m */; };
		840695DE251C8E0600539F3F /* TMListTaskVM.m in Sources */ = {isa = PBXBuildFile; fileRef = 840695DD251C8E0600539F3F /* TMListTaskVM.m */; };
		840695E1251C8E1D00539F3F /* TMTask.m in Sources */ = {isa = PBXBuildFile; fileRef = 840695E0251C8E1D00539F3F /* TMTask.m */; };
		840695E4251C930400539F3F /* TMProject.m in Sources */ = {isa = PBXBuildFile; fileRef = 840695E3251C930400539F3F /* TMProject.m */; };
		840695E7251C93E800539F3F /* TMHomeVC.m in Sources */ = {isa = PBXBuildFile; fileRef = 840695E6251C93E800539F3F /* TMHomeVC.m */; };
		840695EA251C93FB00539F3F /* TMHomeVM.m in Sources */ = {isa = PBXBuildFile; fileRef = 840695E9251C93FB00539F3F /* TMHomeVM.m */; };
		840695EC251C985500539F3F /* GoogleService-Info.plist in Resources */ = {isa = PBXBuildFile; fileRef = 840695EB251C985500539F3F /* GoogleService-Info.plist */; };
		840695EF251CA35B00539F3F /* BaseModel.m in Sources */ = {isa = PBXBuildFile; fileRef = 840695EE251CA35B00539F3F /* BaseModel.m */; };
		840695F2251CAAEB00539F3F /* TMTaskDetailVC.m in Sources */ = {isa = PBXBuildFile; fileRef = 840695F1251CAAEB00539F3F /* TMTaskDetailVC.m */; };
		840695F5251CAB0200539F3F /* TMTaskDetailVM.m in Sources */ = {isa = PBXBuildFile; fileRef = 840695F4251CAB0200539F3F /* TMTaskDetailVM.m */; };
		8406961D251D941F00539F3F /* TMTaskCollectionNode.m in Sources */ = {isa = PBXBuildFile; fileRef = 8406961C251D941F00539F3F /* TMTaskCollectionNode.m */; };
		840696222521846900539F3F /* TMDbWrapper.m in Sources */ = {isa = PBXBuildFile; fileRef = 840696212521846900539F3F /* TMDbWrapper.m */; };
		8493984325243BF1005766F1 /* TMMember.m in Sources */ = {isa = PBXBuildFile; fileRef = 8493984225243BF1005766F1 /* TMMember.m */; };
		8493984625243CD1005766F1 /* TMFireStoreWrapper.m in Sources */ = {isa = PBXBuildFile; fileRef = 8493984525243CD1005766F1 /* TMFireStoreWrapper.m */; };
		88F9691925184AA7008F39AD /* AppDelegate.m in Sources */ = {isa = PBXBuildFile; fileRef = 88F9691825184AA7008F39AD /* AppDelegate.m */; };
		88F9691C25184AA7008F39AD /* SceneDelegate.m in Sources */ = {isa = PBXBuildFile; fileRef = 88F9691B25184AA7008F39AD /* SceneDelegate.m */; };
		88F9691F25184AA7008F39AD /* ViewController.m in Sources */ = {isa = PBXBuildFile; fileRef = 88F9691E25184AA7008F39AD /* ViewController.m */; };
		88F9692225184AA7008F39AD /* Main.storyboard in Resources */ = {isa = PBXBuildFile; fileRef = 88F9692025184AA7008F39AD /* Main.storyboard */; };
		88F9692425184AAB008F39AD /* Assets.xcassets in Resources */ = {isa = PBXBuildFile; fileRef = 88F9692325184AAB008F39AD /* Assets.xcassets */; };
		88F9692725184AAB008F39AD /* LaunchScreen.storyboard in Resources */ = {isa = PBXBuildFile; fileRef = 88F9692525184AAB008F39AD /* LaunchScreen.storyboard */; };
		88F9692A25184AAB008F39AD /* main.m in Sources */ = {isa = PBXBuildFile; fileRef = 88F9692925184AAB008F39AD /* main.m */; };
		88F9697225184E7F008F39AD /* TMTabbar.m in Sources */ = {isa = PBXBuildFile; fileRef = 88F9697125184E7F008F39AD /* TMTabbar.m */; };
		C07D4C9736D9F2F851540674 /* Pods_TaskManager.framework in Frameworks */ = {isa = PBXBuildFile; fileRef = 52CCDFBF35F5DD2D67CF5D75 /* Pods_TaskManager.framework */; };
/* End PBXBuildFile section */

/* Begin PBXCopyFilesBuildPhase section */
		88F9696D25184DF4008F39AD /* Embed Frameworks */ = {
			isa = PBXCopyFilesBuildPhase;
			buildActionMask = 2147483647;
			dstPath = "";
			dstSubfolderSpec = 10;
			files = (
			);
			name = "Embed Frameworks";
			runOnlyForDeploymentPostprocessing = 0;
		};
/* End PBXCopyFilesBuildPhase section */

/* Begin PBXFileReference section */
		0F2BFD0934803CB105BC2B93 /* Pods-TaskManager.debug.xcconfig */ = {isa = PBXFileReference; includeInIndex = 1; lastKnownFileType = text.xcconfig; name = "Pods-TaskManager.debug.xcconfig"; path = "Target Support Files/Pods-TaskManager/Pods-TaskManager.debug.xcconfig"; sourceTree = "<group>"; };
		205FEA9B77D88DAD6934EA9D /* Pods-TaskManager.release.xcconfig */ = {isa = PBXFileReference; includeInIndex = 1; lastKnownFileType = text.xcconfig; name = "Pods-TaskManager.release.xcconfig"; path = "Target Support Files/Pods-TaskManager/Pods-TaskManager.release.xcconfig"; sourceTree = "<group>"; };
		52CCDFBF35F5DD2D67CF5D75 /* Pods_TaskManager.framework */ = {isa = PBXFileReference; explicitFileType = wrapper.framework; includeInIndex = 0; path = Pods_TaskManager.framework; sourceTree = BUILT_PRODUCTS_DIR; };
		840695D0251C8D5500539F3F /* BaseVC.h */ = {isa = PBXFileReference; lastKnownFileType = sourcecode.c.h; path = BaseVC.h; sourceTree = "<group>"; };
		840695D1251C8D5500539F3F /* BaseVC.m */ = {isa = PBXFileReference; lastKnownFileType = sourcecode.c.objc; path = BaseVC.m; sourceTree = "<group>"; };
		840695D3251C8DC100539F3F /* TMListTaskViewController.h */ = {isa = PBXFileReference; lastKnownFileType = sourcecode.c.h; path = TMListTaskViewController.h; sourceTree = "<group>"; };
		840695D4251C8DC100539F3F /* TMListTaskViewController.m */ = {isa = PBXFileReference; lastKnownFileType = sourcecode.c.objc; path = TMListTaskViewController.m; sourceTree = "<group>"; };
		840695D9251C8DEF00539F3F /* BaseVM.h */ = {isa = PBXFileReference; lastKnownFileType = sourcecode.c.h; path = BaseVM.h; sourceTree = "<group>"; };
		840695DA251C8DEF00539F3F /* BaseVM.m */ = {isa = PBXFileReference; lastKnownFileType = sourcecode.c.objc; path = BaseVM.m; sourceTree = "<group>"; };
		840695DC251C8E0600539F3F /* TMListTaskVM.h */ = {isa = PBXFileReference; lastKnownFileType = sourcecode.c.h; path = TMListTaskVM.h; sourceTree = "<group>"; };
		840695DD251C8E0600539F3F /* TMListTaskVM.m */ = {isa = PBXFileReference; lastKnownFileType = sourcecode.c.objc; path = TMListTaskVM.m; sourceTree = "<group>"; };
		840695DF251C8E1D00539F3F /* TMTask.h */ = {isa = PBXFileReference; lastKnownFileType = sourcecode.c.h; path = TMTask.h; sourceTree = "<group>"; };
		840695E0251C8E1D00539F3F /* TMTask.m */ = {isa = PBXFileReference; lastKnownFileType = sourcecode.c.objc; path = TMTask.m; sourceTree = "<group>"; };
		840695E2251C930400539F3F /* TMProject.h */ = {isa = PBXFileReference; lastKnownFileType = sourcecode.c.h; path = TMProject.h; sourceTree = "<group>"; };
		840695E3251C930400539F3F /* TMProject.m */ = {isa = PBXFileReference; lastKnownFileType = sourcecode.c.objc; path = TMProject.m; sourceTree = "<group>"; };
		840695E5251C93E800539F3F /* TMHomeVC.h */ = {isa = PBXFileReference; lastKnownFileType = sourcecode.c.h; path = TMHomeVC.h; sourceTree = "<group>"; };
		840695E6251C93E800539F3F /* TMHomeVC.m */ = {isa = PBXFileReference; lastKnownFileType = sourcecode.c.objc; path = TMHomeVC.m; sourceTree = "<group>"; };
		840695E8251C93FB00539F3F /* TMHomeVM.h */ = {isa = PBXFileReference; lastKnownFileType = sourcecode.c.h; path = TMHomeVM.h; sourceTree = "<group>"; };
		840695E9251C93FB00539F3F /* TMHomeVM.m */ = {isa = PBXFileReference; lastKnownFileType = sourcecode.c.objc; path = TMHomeVM.m; sourceTree = "<group>"; };
		840695EB251C985500539F3F /* GoogleService-Info.plist */ = {isa = PBXFileReference; fileEncoding = 4; lastKnownFileType = text.plist.xml; path = "GoogleService-Info.plist"; sourceTree = "<group>"; };
		840695ED251CA35B00539F3F /* BaseModel.h */ = {isa = PBXFileReference; lastKnownFileType = sourcecode.c.h; path = BaseModel.h; sourceTree = "<group>"; };
		840695EE251CA35B00539F3F /* BaseModel.m */ = {isa = PBXFileReference; lastKnownFileType = sourcecode.c.objc; path = BaseModel.m; sourceTree = "<group>"; };
		840695F0251CAAEB00539F3F /* TMTaskDetailVC.h */ = {isa = PBXFileReference; lastKnownFileType = sourcecode.c.h; path = TMTaskDetailVC.h; sourceTree = "<group>"; };
		840695F1251CAAEB00539F3F /* TMTaskDetailVC.m */ = {isa = PBXFileReference; lastKnownFileType = sourcecode.c.objc; path = TMTaskDetailVC.m; sourceTree = "<group>"; };
		840695F3251CAB0200539F3F /* TMTaskDetailVM.h */ = {isa = PBXFileReference; lastKnownFileType = sourcecode.c.h; path = TMTaskDetailVM.h; sourceTree = "<group>"; };
		840695F4251CAB0200539F3F /* TMTaskDetailVM.m */ = {isa = PBXFileReference; lastKnownFileType = sourcecode.c.objc; path = TMTaskDetailVM.m; sourceTree = "<group>"; };
		8406961B251D941F00539F3F /* TMTaskCollectionNode.h */ = {isa = PBXFileReference; lastKnownFileType = sourcecode.c.h; path = TMTaskCollectionNode.h; sourceTree = "<group>"; };
		8406961C251D941F00539F3F /* TMTaskCollectionNode.m */ = {isa = PBXFileReference; lastKnownFileType = sourcecode.c.objc; path = TMTaskCollectionNode.m; sourceTree = "<group>"; };
		840696202521846900539F3F /* TMDbWrapper.h */ = {isa = PBXFileReference; lastKnownFileType = sourcecode.c.h; path = TMDbWrapper.h; sourceTree = "<group>"; };
		840696212521846900539F3F /* TMDbWrapper.m */ = {isa = PBXFileReference; lastKnownFileType = sourcecode.c.objc; path = TMDbWrapper.m; sourceTree = "<group>"; };
		840696232521854A00539F3F /* TM-PrefixHeader.h */ = {isa = PBXFileReference; lastKnownFileType = sourcecode.c.h; path = "TM-PrefixHeader.h"; sourceTree = "<group>"; };
		8493984125243BF1005766F1 /* TMMember.h */ = {isa = PBXFileReference; lastKnownFileType = sourcecode.c.h; path = TMMember.h; sourceTree = "<group>"; };
		8493984225243BF1005766F1 /* TMMember.m */ = {isa = PBXFileReference; lastKnownFileType = sourcecode.c.objc; path = TMMember.m; sourceTree = "<group>"; };
		8493984425243CD1005766F1 /* TMFireStoreWrapper.h */ = {isa = PBXFileReference; lastKnownFileType = sourcecode.c.h; path = TMFireStoreWrapper.h; sourceTree = "<group>"; };
		8493984525243CD1005766F1 /* TMFireStoreWrapper.m */ = {isa = PBXFileReference; lastKnownFileType = sourcecode.c.objc; path = TMFireStoreWrapper.m; sourceTree = "<group>"; };
		88F9691425184AA7008F39AD /* TaskManager.app */ = {isa = PBXFileReference; explicitFileType = wrapper.application; includeInIndex = 0; path = TaskManager.app; sourceTree = BUILT_PRODUCTS_DIR; };
		88F9691725184AA7008F39AD /* AppDelegate.h */ = {isa = PBXFileReference; lastKnownFileType = sourcecode.c.h; path = AppDelegate.h; sourceTree = "<group>"; };
		88F9691825184AA7008F39AD /* AppDelegate.m */ = {isa = PBXFileReference; lastKnownFileType = sourcecode.c.objc; path = AppDelegate.m; sourceTree = "<group>"; };
		88F9691A25184AA7008F39AD /* SceneDelegate.h */ = {isa = PBXFileReference; lastKnownFileType = sourcecode.c.h; path = SceneDelegate.h; sourceTree = "<group>"; };
		88F9691B25184AA7008F39AD /* SceneDelegate.m */ = {isa = PBXFileReference; lastKnownFileType = sourcecode.c.objc; path = SceneDelegate.m; sourceTree = "<group>"; };
		88F9691D25184AA7008F39AD /* ViewController.h */ = {isa = PBXFileReference; lastKnownFileType = sourcecode.c.h; path = ViewController.h; sourceTree = "<group>"; };
		88F9691E25184AA7008F39AD /* ViewController.m */ = {isa = PBXFileReference; lastKnownFileType = sourcecode.c.objc; path = ViewController.m; sourceTree = "<group>"; };
		88F9692125184AA7008F39AD /* Base */ = {isa = PBXFileReference; lastKnownFileType = file.storyboard; name = Base; path = Base.lproj/Main.storyboard; sourceTree = "<group>"; };
		88F9692325184AAB008F39AD /* Assets.xcassets */ = {isa = PBXFileReference; lastKnownFileType = folder.assetcatalog; path = Assets.xcassets; sourceTree = "<group>"; };
		88F9692625184AAB008F39AD /* Base */ = {isa = PBXFileReference; lastKnownFileType = file.storyboard; name = Base; path = Base.lproj/LaunchScreen.storyboard; sourceTree = "<group>"; };
		88F9692825184AAB008F39AD /* Info.plist */ = {isa = PBXFileReference; lastKnownFileType = text.plist.xml; path = Info.plist; sourceTree = "<group>"; };
		88F9692925184AAB008F39AD /* main.m */ = {isa = PBXFileReference; lastKnownFileType = sourcecode.c.objc; path = main.m; sourceTree = "<group>"; };
		88F9697025184E7F008F39AD /* TMTabbar.h */ = {isa = PBXFileReference; lastKnownFileType = sourcecode.c.h; path = TMTabbar.h; sourceTree = "<group>"; };
		88F9697125184E7F008F39AD /* TMTabbar.m */ = {isa = PBXFileReference; lastKnownFileType = sourcecode.c.objc; path = TMTabbar.m; sourceTree = "<group>"; };
/* End PBXFileReference section */

/* Begin PBXFrameworksBuildPhase section */
		88F9691125184AA7008F39AD /* Frameworks */ = {
			isa = PBXFrameworksBuildPhase;
			buildActionMask = 2147483647;
			files = (
				C07D4C9736D9F2F851540674 /* Pods_TaskManager.framework in Frameworks */,
			);
			runOnlyForDeploymentPostprocessing = 0;
		};
/* End PBXFrameworksBuildPhase section */

/* Begin PBXGroup section */
		391146EF638DEA46A8F440C8 /* Frameworks */ = {
			isa = PBXGroup;
			children = (
				52CCDFBF35F5DD2D67CF5D75 /* Pods_TaskManager.framework */,
			);
			name = Frameworks;
			sourceTree = "<group>";
		};
		840695CC251C8BA700539F3F /* Helper */ = {
			isa = PBXGroup;
			children = (
			);
			path = Helper;
			sourceTree = "<group>";
		};
		840695CD251C8BAB00539F3F /* Controllers */ = {
			isa = PBXGroup;
			children = (
				840695D0251C8D5500539F3F /* BaseVC.h */,
				840695D1251C8D5500539F3F /* BaseVC.m */,
				840695D3251C8DC100539F3F /* TMListTaskViewController.h */,
				840695D4251C8DC100539F3F /* TMListTaskViewController.m */,
				840695E5251C93E800539F3F /* TMHomeVC.h */,
				840695E6251C93E800539F3F /* TMHomeVC.m */,
				840695F0251CAAEB00539F3F /* TMTaskDetailVC.h */,
				840695F1251CAAEB00539F3F /* TMTaskDetailVC.m */,
			);
			path = Controllers;
			sourceTree = "<group>";
		};
		840695CE251C8BB100539F3F /* ViewModels */ = {
			isa = PBXGroup;
			children = (
				840695D9251C8DEF00539F3F /* BaseVM.h */,
				840695DA251C8DEF00539F3F /* BaseVM.m */,
				840695DC251C8E0600539F3F /* TMListTaskVM.h */,
				840695DD251C8E0600539F3F /* TMListTaskVM.m */,
				840695E8251C93FB00539F3F /* TMHomeVM.h */,
				840695E9251C93FB00539F3F /* TMHomeVM.m */,
				840695F3251CAB0200539F3F /* TMTaskDetailVM.h */,
				840695F4251CAB0200539F3F /* TMTaskDetailVM.m */,
			);
			path = ViewModels;
			sourceTree = "<group>";
		};
		840695CF251C8BB700539F3F /* Models */ = {
			isa = PBXGroup;
			children = (
				840695DF251C8E1D00539F3F /* TMTask.h */,
				840695E0251C8E1D00539F3F /* TMTask.m */,
				840695E2251C930400539F3F /* TMProject.h */,
				840695E3251C930400539F3F /* TMProject.m */,
				840695ED251CA35B00539F3F /* BaseModel.h */,
				840695EE251CA35B00539F3F /* BaseModel.m */,
				8493984125243BF1005766F1 /* TMMember.h */,
				8493984225243BF1005766F1 /* TMMember.m */,
			);
			path = Models;
			sourceTree = "<group>";
		};
		8406961A251D93FF00539F3F /* CollectionViewCell */ = {
			isa = PBXGroup;
			children = (
				8406961B251D941F00539F3F /* TMTaskCollectionNode.h */,
				8406961C251D941F00539F3F /* TMTaskCollectionNode.m */,
			);
			path = CollectionViewCell;
			sourceTree = "<group>";
		};
		8406961F2521845600539F3F /* Database */ = {
			isa = PBXGroup;
			children = (
				840696202521846900539F3F /* TMDbWrapper.h */,
				840696212521846900539F3F /* TMDbWrapper.m */,
				8493984425243CD1005766F1 /* TMFireStoreWrapper.h */,
				8493984525243CD1005766F1 /* TMFireStoreWrapper.m */,
			);
			path = Database;
			sourceTree = "<group>";
		};
		88F9690B25184AA7008F39AD = {
			isa = PBXGroup;
			children = (
				88F9691625184AA7008F39AD /* TaskManager */,
				88F9691525184AA7008F39AD /* Products */,
				94A58C3C312DC432D3331C71 /* Pods */,
				391146EF638DEA46A8F440C8 /* Frameworks */,
			);
			sourceTree = "<group>";
		};
		88F9691525184AA7008F39AD /* Products */ = {
			isa = PBXGroup;
			children = (
				88F9691425184AA7008F39AD /* TaskManager.app */,
			);
			name = Products;
			sourceTree = "<group>";
		};
		88F9691625184AA7008F39AD /* TaskManager */ = {
			isa = PBXGroup;
			children = (
				840696232521854A00539F3F /* TM-PrefixHeader.h */,
				8406961F2521845600539F3F /* Database */,
				840695CF251C8BB700539F3F /* Models */,
				840695CE251C8BB100539F3F /* ViewModels */,
				840695CD251C8BAB00539F3F /* Controllers */,
				840695CC251C8BA700539F3F /* Helper */,
				88F9696E25184E6A008F39AD /* Views */,
				88F9693125184B47008F39AD /* Storyboard */,
				88F9693025184AC1008F39AD /* Bundle */,
				88F9691D25184AA7008F39AD /* ViewController.h */,
				88F9691E25184AA7008F39AD /* ViewController.m */,
			);
			path = TaskManager;
			sourceTree = "<group>";
		};
		88F9693025184AC1008F39AD /* Bundle */ = {
			isa = PBXGroup;
			children = (
				840695EB251C985500539F3F /* GoogleService-Info.plist */,
				88F9691725184AA7008F39AD /* AppDelegate.h */,
				88F9691825184AA7008F39AD /* AppDelegate.m */,
				88F9691A25184AA7008F39AD /* SceneDelegate.h */,
				88F9691B25184AA7008F39AD /* SceneDelegate.m */,
				88F9692325184AAB008F39AD /* Assets.xcassets */,
				88F9692825184AAB008F39AD /* Info.plist */,
				88F9692925184AAB008F39AD /* main.m */,
			);
			path = Bundle;
			sourceTree = "<group>";
		};
		88F9693125184B47008F39AD /* Storyboard */ = {
			isa = PBXGroup;
			children = (
				88F9692025184AA7008F39AD /* Main.storyboard */,
				88F9692525184AAB008F39AD /* LaunchScreen.storyboard */,
			);
			path = Storyboard;
			sourceTree = "<group>";
		};
		88F9696E25184E6A008F39AD /* Views */ = {
			isa = PBXGroup;
			children = (
				8406961A251D93FF00539F3F /* CollectionViewCell */,
				88F9696F25184E6E008F39AD /* Tabbar */,
			);
			path = Views;
			sourceTree = "<group>";
		};
		88F9696F25184E6E008F39AD /* Tabbar */ = {
			isa = PBXGroup;
			children = (
				88F9697025184E7F008F39AD /* TMTabbar.h */,
				88F9697125184E7F008F39AD /* TMTabbar.m */,
			);
			path = Tabbar;
			sourceTree = "<group>";
		};
		94A58C3C312DC432D3331C71 /* Pods */ = {
			isa = PBXGroup;
			children = (
				0F2BFD0934803CB105BC2B93 /* Pods-TaskManager.debug.xcconfig */,
				205FEA9B77D88DAD6934EA9D /* Pods-TaskManager.release.xcconfig */,
			);
			path = Pods;
			sourceTree = "<group>";
		};
/* End PBXGroup section */

/* Begin PBXNativeTarget section */
		88F9691325184AA7008F39AD /* TaskManager */ = {
			isa = PBXNativeTarget;
			buildConfigurationList = 88F9692D25184AAB008F39AD /* Build configuration list for PBXNativeTarget "TaskManager" */;
			buildPhases = (
				D34666EA986B4DDFF733172B /* [CP] Check Pods Manifest.lock */,
				88F9691025184AA7008F39AD /* Sources */,
				88F9691125184AA7008F39AD /* Frameworks */,
				88F9691225184AA7008F39AD /* Resources */,
				03781A7C9AD5C73D291A6870 /* [CP] Embed Pods Frameworks */,
				88F9696D25184DF4008F39AD /* Embed Frameworks */,
			);
			buildRules = (
			);
			dependencies = (
			);
			name = TaskManager;
			productName = TaskManager;
			productReference = 88F9691425184AA7008F39AD /* TaskManager.app */;
			productType = "com.apple.product-type.application";
		};
/* End PBXNativeTarget section */

/* Begin PBXProject section */
		88F9690C25184AA7008F39AD /* Project object */ = {
			isa = PBXProject;
			attributes = {
				LastUpgradeCheck = 1150;
				ORGANIZATIONNAME = "Bach Van Hoang";
				TargetAttributes = {
					88F9691325184AA7008F39AD = {
						CreatedOnToolsVersion = 11.5;
					};
				};
			};
			buildConfigurationList = 88F9690F25184AA7008F39AD /* Build configuration list for PBXProject "TaskManager" */;
			compatibilityVersion = "Xcode 9.3";
			developmentRegion = en;
			hasScannedForEncodings = 0;
			knownRegions = (
				en,
				Base,
			);
			mainGroup = 88F9690B25184AA7008F39AD;
			productRefGroup = 88F9691525184AA7008F39AD /* Products */;
			projectDirPath = "";
			projectRoot = "";
			targets = (
				88F9691325184AA7008F39AD /* TaskManager */,
			);
		};
/* End PBXProject section */

/* Begin PBXResourcesBuildPhase section */
		88F9691225184AA7008F39AD /* Resources */ = {
			isa = PBXResourcesBuildPhase;
			buildActionMask = 2147483647;
			files = (
				88F9692725184AAB008F39AD /* LaunchScreen.storyboard in Resources */,
				88F9692425184AAB008F39AD /* Assets.xcassets in Resources */,
				88F9692225184AA7008F39AD /* Main.storyboard in Resources */,
				840695EC251C985500539F3F /* GoogleService-Info.plist in Resources */,
			);
			runOnlyForDeploymentPostprocessing = 0;
		};
/* End PBXResourcesBuildPhase section */

/* Begin PBXShellScriptBuildPhase section */
		03781A7C9AD5C73D291A6870 /* [CP] Embed Pods Frameworks */ = {
			isa = PBXShellScriptBuildPhase;
			buildActionMask = 2147483647;
			files = (
			);
			inputFileListPaths = (
				"${PODS_ROOT}/Target Support Files/Pods-TaskManager/Pods-TaskManager-frameworks-${CONFIGURATION}-input-files.xcfilelist",
			);
			name = "[CP] Embed Pods Frameworks";
			outputFileListPaths = (
				"${PODS_ROOT}/Target Support Files/Pods-TaskManager/Pods-TaskManager-frameworks-${CONFIGURATION}-output-files.xcfilelist",
			);
			runOnlyForDeploymentPostprocessing = 0;
			shellPath = /bin/sh;
			shellScript = "\"${PODS_ROOT}/Target Support Files/Pods-TaskManager/Pods-TaskManager-frameworks.sh\"\n";
			showEnvVarsInLog = 0;
		};
		D34666EA986B4DDFF733172B /* [CP] Check Pods Manifest.lock */ = {
			isa = PBXShellScriptBuildPhase;
			buildActionMask = 2147483647;
			files = (
			);
			inputFileListPaths = (
			);
			inputPaths = (
				"${PODS_PODFILE_DIR_PATH}/Podfile.lock",
				"${PODS_ROOT}/Manifest.lock",
			);
			name = "[CP] Check Pods Manifest.lock";
			outputFileListPaths = (
			);
			outputPaths = (
				"$(DERIVED_FILE_DIR)/Pods-TaskManager-checkManifestLockResult.txt",
			);
			runOnlyForDeploymentPostprocessing = 0;
			shellPath = /bin/sh;
			shellScript = "diff \"${PODS_PODFILE_DIR_PATH}/Podfile.lock\" \"${PODS_ROOT}/Manifest.lock\" > /dev/null\nif [ $? != 0 ] ; then\n    # print error to STDERR\n    echo \"error: The sandbox is not in sync with the Podfile.lock. Run 'pod install' or update your CocoaPods installation.\" >&2\n    exit 1\nfi\n# This output is used by Xcode 'outputs' to avoid re-running this script phase.\necho \"SUCCESS\" > \"${SCRIPT_OUTPUT_FILE_0}\"\n";
			showEnvVarsInLog = 0;
		};
/* End PBXShellScriptBuildPhase section */

/* Begin PBXSourcesBuildPhase section */
		88F9691025184AA7008F39AD /* Sources */ = {
			isa = PBXSourcesBuildPhase;
			buildActionMask = 2147483647;
			files = (
				88F9691F25184AA7008F39AD /* ViewController.m in Sources */,
				840695DB251C8DEF00539F3F /* BaseVM.m in Sources */,
				840695E4251C930400539F3F /* TMProject.m in Sources */,
				88F9697225184E7F008F39AD /* TMTabbar.m in Sources */,
				840695E7251C93E800539F3F /* TMHomeVC.m in Sources */,
				840695F5251CAB0200539F3F /* TMTaskDetailVM.m in Sources */,
				840695DE251C8E0600539F3F /* TMListTaskVM.m in Sources */,
				88F9691925184AA7008F39AD /* AppDelegate.m in Sources */,
				840696222521846900539F3F /* TMDbWrapper.m in Sources */,
				840695F2251CAAEB00539F3F /* TMTaskDetailVC.m in Sources */,
				840695D5251C8DC100539F3F /* TMListTaskViewController.m in Sources */,
				840695D2251C8D5500539F3F /* BaseVC.m in Sources */,
				840695E1251C8E1D00539F3F /* TMTask.m in Sources */,
				840695EF251CA35B00539F3F /* BaseModel.m in Sources */,
				88F9692A25184AAB008F39AD /* main.m in Sources */,
				88F9691C25184AA7008F39AD /* SceneDelegate.m in Sources */,
				8493984625243CD1005766F1 /* TMFireStoreWrapper.m in Sources */,
				840695EA251C93FB00539F3F /* TMHomeVM.m in Sources */,
				8493984325243BF1005766F1 /* TMMember.m in Sources */,
				8406961D251D941F00539F3F /* TMTaskCollectionNode.m in Sources */,
			);
			runOnlyForDeploymentPostprocessing = 0;
		};
/* End PBXSourcesBuildPhase section */

/* Begin PBXVariantGroup section */
		88F9692025184AA7008F39AD /* Main.storyboard */ = {
			isa = PBXVariantGroup;
			children = (
				88F9692125184AA7008F39AD /* Base */,
			);
			name = Main.storyboard;
			sourceTree = "<group>";
		};
		88F9692525184AAB008F39AD /* LaunchScreen.storyboard */ = {
			isa = PBXVariantGroup;
			children = (
				88F9692625184AAB008F39AD /* Base */,
			);
			name = LaunchScreen.storyboard;
			sourceTree = "<group>";
		};
/* End PBXVariantGroup section */

/* Begin XCBuildConfiguration section */
		88F9692B25184AAB008F39AD /* Debug */ = {
			isa = XCBuildConfiguration;
			buildSettings = {
				ALWAYS_SEARCH_USER_PATHS = NO;
				CLANG_ANALYZER_NONNULL = YES;
				CLANG_ANALYZER_NUMBER_OBJECT_CONVERSION = YES_AGGRESSIVE;
				CLANG_CXX_LANGUAGE_STANDARD = "gnu++14";
				CLANG_CXX_LIBRARY = "libc++";
				CLANG_ENABLE_MODULES = YES;
				CLANG_ENABLE_OBJC_ARC = YES;
				CLANG_ENABLE_OBJC_WEAK = YES;
				CLANG_WARN_BLOCK_CAPTURE_AUTORELEASING = YES;
				CLANG_WARN_BOOL_CONVERSION = YES;
				CLANG_WARN_COMMA = YES;
				CLANG_WARN_CONSTANT_CONVERSION = YES;
				CLANG_WARN_DEPRECATED_OBJC_IMPLEMENTATIONS = YES;
				CLANG_WARN_DIRECT_OBJC_ISA_USAGE = YES_ERROR;
				CLANG_WARN_DOCUMENTATION_COMMENTS = YES;
				CLANG_WARN_EMPTY_BODY = YES;
				CLANG_WARN_ENUM_CONVERSION = YES;
				CLANG_WARN_INFINITE_RECURSION = YES;
				CLANG_WARN_INT_CONVERSION = YES;
				CLANG_WARN_NON_LITERAL_NULL_CONVERSION = YES;
				CLANG_WARN_OBJC_IMPLICIT_RETAIN_SELF = YES;
				CLANG_WARN_OBJC_LITERAL_CONVERSION = YES;
				CLANG_WARN_OBJC_ROOT_CLASS = YES_ERROR;
				CLANG_WARN_RANGE_LOOP_ANALYSIS = YES;
				CLANG_WARN_STRICT_PROTOTYPES = YES;
				CLANG_WARN_SUSPICIOUS_MOVE = YES;
				CLANG_WARN_UNGUARDED_AVAILABILITY = YES_AGGRESSIVE;
				CLANG_WARN_UNREACHABLE_CODE = YES;
				CLANG_WARN__DUPLICATE_METHOD_MATCH = YES;
				COPY_PHASE_STRIP = NO;
				DEBUG_INFORMATION_FORMAT = dwarf;
				ENABLE_STRICT_OBJC_MSGSEND = YES;
				ENABLE_TESTABILITY = YES;
				GCC_C_LANGUAGE_STANDARD = gnu11;
				GCC_DYNAMIC_NO_PIC = NO;
				GCC_NO_COMMON_BLOCKS = YES;
				GCC_OPTIMIZATION_LEVEL = 0;
				GCC_PREPROCESSOR_DEFINITIONS = (
					"DEBUG=1",
					"$(inherited)",
				);
				GCC_WARN_64_TO_32_BIT_CONVERSION = YES;
				GCC_WARN_ABOUT_RETURN_TYPE = YES_ERROR;
				GCC_WARN_UNDECLARED_SELECTOR = YES;
				GCC_WARN_UNINITIALIZED_AUTOS = YES_AGGRESSIVE;
				GCC_WARN_UNUSED_FUNCTION = YES;
				GCC_WARN_UNUSED_VARIABLE = YES;
				IPHONEOS_DEPLOYMENT_TARGET = 13.5;
				MTL_ENABLE_DEBUG_INFO = INCLUDE_SOURCE;
				MTL_FAST_MATH = YES;
				ONLY_ACTIVE_ARCH = YES;
				SDKROOT = iphoneos;
			};
			name = Debug;
		};
		88F9692C25184AAB008F39AD /* Release */ = {
			isa = XCBuildConfiguration;
			buildSettings = {
				ALWAYS_SEARCH_USER_PATHS = NO;
				CLANG_ANALYZER_NONNULL = YES;
				CLANG_ANALYZER_NUMBER_OBJECT_CONVERSION = YES_AGGRESSIVE;
				CLANG_CXX_LANGUAGE_STANDARD = "gnu++14";
				CLANG_CXX_LIBRARY = "libc++";
				CLANG_ENABLE_MODULES = YES;
				CLANG_ENABLE_OBJC_ARC = YES;
				CLANG_ENABLE_OBJC_WEAK = YES;
				CLANG_WARN_BLOCK_CAPTURE_AUTORELEASING = YES;
				CLANG_WARN_BOOL_CONVERSION = YES;
				CLANG_WARN_COMMA = YES;
				CLANG_WARN_CONSTANT_CONVERSION = YES;
				CLANG_WARN_DEPRECATED_OBJC_IMPLEMENTATIONS = YES;
				CLANG_WARN_DIRECT_OBJC_ISA_USAGE = YES_ERROR;
				CLANG_WARN_DOCUMENTATION_COMMENTS = YES;
				CLANG_WARN_EMPTY_BODY = YES;
				CLANG_WARN_ENUM_CONVERSION = YES;
				CLANG_WARN_INFINITE_RECURSION = YES;
				CLANG_WARN_INT_CONVERSION = YES;
				CLANG_WARN_NON_LITERAL_NULL_CONVERSION = YES;
				CLANG_WARN_OBJC_IMPLICIT_RETAIN_SELF = YES;
				CLANG_WARN_OBJC_LITERAL_CONVERSION = YES;
				CLANG_WARN_OBJC_ROOT_CLASS = YES_ERROR;
				CLANG_WARN_RANGE_LOOP_ANALYSIS = YES;
				CLANG_WARN_STRICT_PROTOTYPES = YES;
				CLANG_WARN_SUSPICIOUS_MOVE = YES;
				CLANG_WARN_UNGUARDED_AVAILABILITY = YES_AGGRESSIVE;
				CLANG_WARN_UNREACHABLE_CODE = YES;
				CLANG_WARN__DUPLICATE_METHOD_MATCH = YES;
				COPY_PHASE_STRIP = NO;
				DEBUG_INFORMATION_FORMAT = "dwarf-with-dsym";
				ENABLE_NS_ASSERTIONS = NO;
				ENABLE_STRICT_OBJC_MSGSEND = YES;
				GCC_C_LANGUAGE_STANDARD = gnu11;
				GCC_NO_COMMON_BLOCKS = YES;
				GCC_WARN_64_TO_32_BIT_CONVERSION = YES;
				GCC_WARN_ABOUT_RETURN_TYPE = YES_ERROR;
				GCC_WARN_UNDECLARED_SELECTOR = YES;
				GCC_WARN_UNINITIALIZED_AUTOS = YES_AGGRESSIVE;
				GCC_WARN_UNUSED_FUNCTION = YES;
				GCC_WARN_UNUSED_VARIABLE = YES;
				IPHONEOS_DEPLOYMENT_TARGET = 13.5;
				MTL_ENABLE_DEBUG_INFO = NO;
				MTL_FAST_MATH = YES;
				SDKROOT = iphoneos;
				VALIDATE_PRODUCT = YES;
			};
			name = Release;
		};
		88F9692E25184AAB008F39AD /* Debug */ = {
			isa = XCBuildConfiguration;
			baseConfigurationReference = 0F2BFD0934803CB105BC2B93 /* Pods-TaskManager.debug.xcconfig */;
			buildSettings = {
				ASSETCATALOG_COMPILER_APPICON_NAME = AppIcon;
				CODE_SIGN_IDENTITY = "Apple Development";
				CODE_SIGN_STYLE = Automatic;
				DEVELOPMENT_TEAM = GAP44W2V36;
				GCC_PRECOMPILE_PREFIX_HEADER = YES;
				GCC_PREFIX_HEADER = "$(PROJECT_DIR)/TaskManager/TM-PrefixHeader.h";
				HEADER_SEARCH_PATHS = (
					"$(inherited)",
					"\"${PODS_CONFIGURATION_BUILD_DIR}/BoringSSL-GRPC/openssl_grpc.framework/Headers\"",
					"\"${PODS_CONFIGURATION_BUILD_DIR}/FirebaseCore/FirebaseCore.framework/Headers\"",
					"\"${PODS_CONFIGURATION_BUILD_DIR}/FirebaseCoreDiagnostics/FirebaseCoreDiagnostics.framework/Headers\"",
					"\"${PODS_CONFIGURATION_BUILD_DIR}/FirebaseFirestore/FirebaseFirestore.framework/Headers\"",
					"\"${PODS_CONFIGURATION_BUILD_DIR}/GoogleDataTransport/GoogleDataTransport.framework/Headers\"",
					"\"${PODS_CONFIGURATION_BUILD_DIR}/GoogleUtilities/GoogleUtilities.framework/Headers\"",
					"\"${PODS_CONFIGURATION_BUILD_DIR}/PINCache/PINCache.framework/Headers\"",
					"\"${PODS_CONFIGURATION_BUILD_DIR}/PINOperation/PINOperation.framework/Headers\"",
					"\"${PODS_CONFIGURATION_BUILD_DIR}/PINRemoteImage/PINRemoteImage.framework/Headers\"",
					"\"${PODS_CONFIGURATION_BUILD_DIR}/PromisesObjC/FBLPromises.framework/Headers\"",
					"\"${PODS_CONFIGURATION_BUILD_DIR}/Texture/AsyncDisplayKit.framework/Headers\"",
					"\"${PODS_CONFIGURATION_BUILD_DIR}/XLForm/XLForm.framework/Headers\"",
					"\"${PODS_CONFIGURATION_BUILD_DIR}/abseil/absl.framework/Headers\"",
					"\"${PODS_CONFIGURATION_BUILD_DIR}/gRPC-C++/grpcpp.framework/Headers\"",
					"\"${PODS_CONFIGURATION_BUILD_DIR}/gRPC-Core/grpc.framework/Headers\"",
					"\"${PODS_CONFIGURATION_BUILD_DIR}/leveldb-library/leveldb.framework/Headers\"",
					"\"${PODS_CONFIGURATION_BUILD_DIR}/nanopb/nanopb.framework/Headers\"",
					"\"${PODS_ROOT}/Headers/Public\"",
					"\"${PODS_ROOT}/Headers/Public/Firebase\"",
					"$(inherited)",
					"${PODS_ROOT}/Firebase/CoreOnly/Sources",
					"\"${PODS_TARGET_SRCROOT}/Sources/FBLPromises/include\"",
					"\"$(BUILD_ROOT)/../IntermediateBuildFilesPath/UninstalledProducts/include\"",
				);
				INFOPLIST_FILE = "$(PROJECT_DIR)/TaskManager/Bundle/Info.plist";
				IPHONEOS_DEPLOYMENT_TARGET = 13.4;
				LD_RUNPATH_SEARCH_PATHS = (
					"$(inherited)",
					"@executable_path/Frameworks",
				);
				PRODUCT_BUNDLE_IDENTIFIER = template.com.taskManager;
				PRODUCT_NAME = "$(TARGET_NAME)";
				PROVISIONING_PROFILE_SPECIFIER = "";
				TARGETED_DEVICE_FAMILY = "1,2";
			};
			name = Debug;
		};
		88F9692F25184AAB008F39AD /* Release */ = {
			isa = XCBuildConfiguration;
			baseConfigurationReference = 205FEA9B77D88DAD6934EA9D /* Pods-TaskManager.release.xcconfig */;
			buildSettings = {
				ASSETCATALOG_COMPILER_APPICON_NAME = AppIcon;
				CODE_SIGN_IDENTITY = "Apple Development";
				CODE_SIGN_STYLE = Automatic;
				DEVELOPMENT_TEAM = GAP44W2V36;
				GCC_PRECOMPILE_PREFIX_HEADER = YES;
				GCC_PREFIX_HEADER = "$(PROJECT_DIR)/TaskManager/TM-PrefixHeader.h";
				HEADER_SEARCH_PATHS = (
					"$(inherited)",
					"\"${PODS_CONFIGURATION_BUILD_DIR}/BoringSSL-GRPC/openssl_grpc.framework/Headers\"",
					"\"${PODS_CONFIGURATION_BUILD_DIR}/FirebaseCore/FirebaseCore.framework/Headers\"",
					"\"${PODS_CONFIGURATION_BUILD_DIR}/FirebaseCoreDiagnostics/FirebaseCoreDiagnostics.framework/Headers\"",
					"\"${PODS_CONFIGURATION_BUILD_DIR}/FirebaseFirestore/FirebaseFirestore.framework/Headers\"",
					"\"${PODS_CONFIGURATION_BUILD_DIR}/GoogleDataTransport/GoogleDataTransport.framework/Headers\"",
					"\"${PODS_CONFIGURATION_BUILD_DIR}/GoogleUtilities/GoogleUtilities.framework/Headers\"",
					"\"${PODS_CONFIGURATION_BUILD_DIR}/PINCache/PINCache.framework/Headers\"",
					"\"${PODS_CONFIGURATION_BUILD_DIR}/PINOperation/PINOperation.framework/Headers\"",
					"\"${PODS_CONFIGURATION_BUILD_DIR}/PINRemoteImage/PINRemoteImage.framework/Headers\"",
					"\"${PODS_CONFIGURATION_BUILD_DIR}/PromisesObjC/FBLPromises.framework/Headers\"",
					"\"${PODS_CONFIGURATION_BUILD_DIR}/Texture/AsyncDisplayKit.framework/Headers\"",
					"\"${PODS_CONFIGURATION_BUILD_DIR}/XLForm/XLForm.framework/Headers\"",
					"\"${PODS_CONFIGURATION_BUILD_DIR}/abseil/absl.framework/Headers\"",
					"\"${PODS_CONFIGURATION_BUILD_DIR}/gRPC-C++/grpcpp.framework/Headers\"",
					"\"${PODS_CONFIGURATION_BUILD_DIR}/gRPC-Core/grpc.framework/Headers\"",
					"\"${PODS_CONFIGURATION_BUILD_DIR}/leveldb-library/leveldb.framework/Headers\"",
					"\"${PODS_CONFIGURATION_BUILD_DIR}/nanopb/nanopb.framework/Headers\"",
					"\"${PODS_ROOT}/Headers/Public\"",
					"\"${PODS_ROOT}/Headers/Public/Firebase\"",
					"$(inherited)",
					"${PODS_ROOT}/Firebase/CoreOnly/Sources",
					"\"${PODS_TARGET_SRCROOT}/Sources/FBLPromises/include\"",
					"\"$(BUILD_ROOT)/../IntermediateBuildFilesPath/UninstalledProducts/include\"",
				);
				INFOPLIST_FILE = "$(PROJECT_DIR)/TaskManager/Bundle/Info.plist";
				IPHONEOS_DEPLOYMENT_TARGET = 13.4;
				LD_RUNPATH_SEARCH_PATHS = (
					"$(inherited)",
					"@executable_path/Frameworks",
				);
				PRODUCT_BUNDLE_IDENTIFIER = template.com.taskManager;
				PRODUCT_NAME = "$(TARGET_NAME)";
				PROVISIONING_PROFILE_SPECIFIER = "";
				TARGETED_DEVICE_FAMILY = "1,2";
			};
			name = Release;
		};
/* End XCBuildConfiguration section */

/* Begin XCConfigurationList section */
		88F9690F25184AA7008F39AD /* Build configuration list for PBXProject "TaskManager" */ = {
			isa = XCConfigurationList;
			buildConfigurations = (
				88F9692B25184AAB008F39AD /* Debug */,
				88F9692C25184AAB008F39AD /* Release */,
			);
			defaultConfigurationIsVisible = 0;
			defaultConfigurationName = Release;
		};
		88F9692D25184AAB008F39AD /* Build configuration list for PBXNativeTarget "TaskManager" */ = {
			isa = XCConfigurationList;
			buildConfigurations = (
				88F9692E25184AAB008F39AD /* Debug */,
				88F9692F25184AAB008F39AD /* Release */,
			);
			defaultConfigurationIsVisible = 0;
			defaultConfigurationName = Release;
		};
/* End XCConfigurationList section */
	};
	rootObject = 88F9690C25184AA7008F39AD /* Project object */;
}
